
Microsoft Visual Studio Solution File, Format Version 12.00
# Visual Studio Version 16
VisualStudioVersion = 16.0.30804.86
MinimumVisualStudioVersion = 10.0.40219.1
Project("{FAE04EC0-301F-11D3-BF4B-00C04F79EFBC}") = "ABC Publicasions", "ABC Publicasions\ABC Publicasions.csproj", "{6A7B356B-4A57-4EEF-876A-C989EDA1FECC}"
EndProject
Global
	GlobalSection(SolutionConfigurationPlatforms) = preSolution
		Debug|Any CPU = Debug|Any CPU
		Release|Any CPU = Release|Any CPU
	EndGlobalSection
	GlobalSection(ProjectConfigurationPlatforms) = postSolution
		{6A7B356B-4A57-4EEF-876A-C989EDA1FECC}.Debug|Any CPU.ActiveCfg = Debug|Any CPU
		{6A7B356B-4A57-4EEF-876A-C989EDA1FECC}.Debug|Any CPU.Build.0 = Debug|Any CPU
		{6A7B356B-4A57-4EEF-876A-C989EDA1FECC}.Release|Any CPU.ActiveCfg = Release|Any CPU
		{6A7B356B-4A57-4EEF-876A-C989EDA1FECC}.Release|Any CPU.Build.0 = Release|Any CPU
	EndGlobalSection
	GlobalSection(SolutionProperties) = preSolution
		HideSolutionNode = FALSE
	EndGlobalSection
	GlobalSection(ExtensibilityGlobals) = postSolution
		SolutionGuid = {764201D0-4EE1-4C3F-85F0-8608C1CE2383}
	EndGlobalSection
EndGlobal
